
Microsoft Visual Studio Solution File, Format Version 12.00
# Visual Studio Version 16
VisualStudioVersion = 16.0.29403.142
MinimumVisualStudioVersion = 10.0.40219.1
Project("{D954291E-2A0B-460D-934E-DC6B0785DB48}") = "Test2.Uno.Shared", "Test2.Uno\Test2.Uno.Shared\Test2.Uno.Shared.shproj", "{6279C845-92F8-4333-AB99-3D213163593C}"
EndProject
Project("{FAE04EC0-301F-11D3-BF4B-00C04F79EFBC}") = "Test2.Uno.Droid", "Test2.Uno\Test2.Uno.Droid\Test2.Uno.Droid.csproj", "{7AAE9FFB-BBA9-430F-ACDD-E972917C66A0}"
EndProject
Project("{FAE04EC0-301F-11D3-BF4B-00C04F79EFBC}") = "Test2.Uno.iOS", "Test2.Uno\Test2.Uno.iOS\Test2.Uno.iOS.csproj", "{585D5452-A0B3-4E6D-8B66-9D4DB7635017}"
EndProject
Project("{FAE04EC0-301F-11D3-BF4B-00C04F79EFBC}") = "Test2.Uno.UWP", "Test2.Uno\Test2.Uno.UWP\Test2.Uno.UWP.csproj", "{C20EE890-B383-4635-B4EF-C2679FC0E3C5}"
EndProject
Project("{FAE04EC0-301F-11D3-BF4B-00C04F79EFBC}") = "Test2.Uno.Wasm", "Test2.Uno\Test2.Uno.Wasm\Test2.Uno.Wasm.csproj", "{8625469F-B069-4745-AF05-D975A377026C}"
EndProject
Global
	GlobalSection(SharedMSBuildProjectFiles) = preSolution
		Test2.Uno\Test2.Uno.Shared\Test2.Uno.Shared.projitems*{6279c845-92f8-4333-ab99-3d213163593c}*SharedItemsImports = 13
	EndGlobalSection
	GlobalSection(SolutionConfigurationPlatforms) = preSolution
		Ad-Hoc|Any CPU = Ad-Hoc|Any CPU
		Ad-Hoc|ARM = Ad-Hoc|ARM
		Ad-Hoc|iPhone = Ad-Hoc|iPhone
		Ad-Hoc|iPhoneSimulator = Ad-Hoc|iPhoneSimulator
		Ad-Hoc|x64 = Ad-Hoc|x64
		Ad-Hoc|x86 = Ad-Hoc|x86
		AppStore|Any CPU = AppStore|Any CPU
		AppStore|ARM = AppStore|ARM
		AppStore|iPhone = AppStore|iPhone
		AppStore|iPhoneSimulator = AppStore|iPhoneSimulator
		AppStore|x64 = AppStore|x64
		AppStore|x86 = AppStore|x86
		Debug|Any CPU = Debug|Any CPU
		Debug|ARM = Debug|ARM
		Debug|iPhone = Debug|iPhone
		Debug|iPhoneSimulator = Debug|iPhoneSimulator
		Debug|x64 = Debug|x64
		Debug|x86 = Debug|x86
		Release|Any CPU = Release|Any CPU
		Release|ARM = Release|ARM
		Release|iPhone = Release|iPhone
		Release|iPhoneSimulator = Release|iPhoneSimulator
		Release|x64 = Release|x64
		Release|x86 = Release|x86
	EndGlobalSection
	GlobalSection(ProjectConfigurationPlatforms) = postSolution
		{7AAE9FFB-BBA9-430F-ACDD-E972917C66A0}.Ad-Hoc|Any CPU.ActiveCfg = Release|Any CPU
		{7AAE9FFB-BBA9-430F-ACDD-E972917C66A0}.Ad-Hoc|Any CPU.Build.0 = Release|Any CPU
		{7AAE9FFB-BBA9-430F-ACDD-E972917C66A0}.Ad-Hoc|Any CPU.Deploy.0 = Release|Any CPU
		{7AAE9FFB-BBA9-430F-ACDD-E972917C66A0}.Ad-Hoc|ARM.ActiveCfg = Release|Any CPU
		{7AAE9FFB-BBA9-430F-ACDD-E972917C66A0}.Ad-Hoc|ARM.Build.0 = Release|Any CPU
		{7AAE9FFB-BBA9-430F-ACDD-E972917C66A0}.Ad-Hoc|ARM.Deploy.0 = Release|Any CPU
		{7AAE9FFB-BBA9-430F-ACDD-E972917C66A0}.Ad-Hoc|iPhone.ActiveCfg = Release|Any CPU
		{7AAE9FFB-BBA9-430F-ACDD-E972917C66A0}.Ad-Hoc|iPhone.Build.0 = Release|Any CPU
		{7AAE9FFB-BBA9-430F-ACDD-E972917C66A0}.Ad-Hoc|iPhone.Deploy.0 = Release|Any CPU
		{7AAE9FFB-BBA9-430F-ACDD-E972917C66A0}.Ad-Hoc|iPhoneSimulator.ActiveCfg = Release|Any CPU
		{7AAE9FFB-BBA9-430F-ACDD-E972917C66A0}.Ad-Hoc|iPhoneSimulator.Build.0 = Release|Any CPU
		{7AAE9FFB-BBA9-430F-ACDD-E972917C66A0}.Ad-Hoc|iPhoneSimulator.Deploy.0 = Release|Any CPU
		{7AAE9FFB-BBA9-430F-ACDD-E972917C66A0}.Ad-Hoc|x64.ActiveCfg = Release|Any CPU
		{7AAE9FFB-BBA9-430F-ACDD-E972917C66A0}.Ad-Hoc|x64.Build.0 = Release|Any CPU
		{7AAE9FFB-BBA9-430F-ACDD-E972917C66A0}.Ad-Hoc|x64.Deploy.0 = Release|Any CPU
		{7AAE9FFB-BBA9-430F-ACDD-E972917C66A0}.Ad-Hoc|x86.ActiveCfg = Release|Any CPU
		{7AAE9FFB-BBA9-430F-ACDD-E972917C66A0}.Ad-Hoc|x86.Build.0 = Release|Any CPU
		{7AAE9FFB-BBA9-430F-ACDD-E972917C66A0}.Ad-Hoc|x86.Deploy.0 = Release|Any CPU
		{7AAE9FFB-BBA9-430F-ACDD-E972917C66A0}.AppStore|Any CPU.ActiveCfg = Release|Any CPU
		{7AAE9FFB-BBA9-430F-ACDD-E972917C66A0}.AppStore|Any CPU.Build.0 = Release|Any CPU
		{7AAE9FFB-BBA9-430F-ACDD-E972917C66A0}.AppStore|Any CPU.Deploy.0 = Release|Any CPU
		{7AAE9FFB-BBA9-430F-ACDD-E972917C66A0}.AppStore|ARM.ActiveCfg = Release|Any CPU
		{7AAE9FFB-BBA9-430F-ACDD-E972917C66A0}.AppStore|ARM.Build.0 = Release|Any CPU
		{7AAE9FFB-BBA9-430F-ACDD-E972917C66A0}.AppStore|ARM.Deploy.0 = Release|Any CPU
		{7AAE9FFB-BBA9-430F-ACDD-E972917C66A0}.AppStore|iPhone.ActiveCfg = Release|Any CPU
		{7AAE9FFB-BBA9-430F-ACDD-E972917C66A0}.AppStore|iPhone.Build.0 = Release|Any CPU
		{7AAE9FFB-BBA9-430F-ACDD-E972917C66A0}.AppStore|iPhone.Deploy.0 = Release|Any CPU
		{7AAE9FFB-BBA9-430F-ACDD-E972917C66A0}.AppStore|iPhoneSimulator.ActiveCfg = Release|Any CPU
		{7AAE9FFB-BBA9-430F-ACDD-E972917C66A0}.AppStore|iPhoneSimulator.Build.0 = Release|Any CPU
		{7AAE9FFB-BBA9-430F-ACDD-E972917C66A0}.AppStore|iPhoneSimulator.Deploy.0 = Release|Any CPU
		{7AAE9FFB-BBA9-430F-ACDD-E972917C66A0}.AppStore|x64.ActiveCfg = Release|Any CPU
		{7AAE9FFB-BBA9-430F-ACDD-E972917C66A0}.AppStore|x64.Build.0 = Release|Any CPU
		{7AAE9FFB-BBA9-430F-ACDD-E972917C66A0}.AppStore|x64.Deploy.0 = Release|Any CPU
		{7AAE9FFB-BBA9-430F-ACDD-E972917C66A0}.AppStore|x86.ActiveCfg = Release|Any CPU
		{7AAE9FFB-BBA9-430F-ACDD-E972917C66A0}.AppStore|x86.Build.0 = Release|Any CPU
		{7AAE9FFB-BBA9-430F-ACDD-E972917C66A0}.AppStore|x86.Deploy.0 = Release|Any CPU
		{7AAE9FFB-BBA9-430F-ACDD-E972917C66A0}.Debug|Any CPU.ActiveCfg = Debug|Any CPU
		{7AAE9FFB-BBA9-430F-ACDD-E972917C66A0}.Debug|Any CPU.Build.0 = Debug|Any CPU
		{7AAE9FFB-BBA9-430F-ACDD-E972917C66A0}.Debug|Any CPU.Deploy.0 = Debug|Any CPU
		{7AAE9FFB-BBA9-430F-ACDD-E972917C66A0}.Debug|ARM.ActiveCfg = Debug|Any CPU
		{7AAE9FFB-BBA9-430F-ACDD-E972917C66A0}.Debug|ARM.Build.0 = Debug|Any CPU
		{7AAE9FFB-BBA9-430F-ACDD-E972917C66A0}.Debug|ARM.Deploy.0 = Debug|Any CPU
		{7AAE9FFB-BBA9-430F-ACDD-E972917C66A0}.Debug|iPhone.ActiveCfg = Debug|Any CPU
		{7AAE9FFB-BBA9-430F-ACDD-E972917C66A0}.Debug|iPhone.Build.0 = Debug|Any CPU
		{7AAE9FFB-BBA9-430F-ACDD-E972917C66A0}.Debug|iPhone.Deploy.0 = Debug|Any CPU
		{7AAE9FFB-BBA9-430F-ACDD-E972917C66A0}.Debug|iPhoneSimulator.ActiveCfg = Debug|Any CPU
		{7AAE9FFB-BBA9-430F-ACDD-E972917C66A0}.Debug|iPhoneSimulator.Build.0 = Debug|Any CPU
		{7AAE9FFB-BBA9-430F-ACDD-E972917C66A0}.Debug|iPhoneSimulator.Deploy.0 = Debug|Any CPU
		{7AAE9FFB-BBA9-430F-ACDD-E972917C66A0}.Debug|x64.ActiveCfg = Debug|Any CPU
		{7AAE9FFB-BBA9-430F-ACDD-E972917C66A0}.Debug|x64.Build.0 = Debug|Any CPU
		{7AAE9FFB-BBA9-430F-ACDD-E972917C66A0}.Debug|x64.Deploy.0 = Debug|Any CPU
		{7AAE9FFB-BBA9-430F-ACDD-E972917C66A0}.Debug|x86.ActiveCfg = Debug|Any CPU
		{7AAE9FFB-BBA9-430F-ACDD-E972917C66A0}.Debug|x86.Build.0 = Debug|Any CPU
		{7AAE9FFB-BBA9-430F-ACDD-E972917C66A0}.Debug|x86.Deploy.0 = Debug|Any CPU
		{7AAE9FFB-BBA9-430F-ACDD-E972917C66A0}.Release|Any CPU.ActiveCfg = Release|Any CPU
		{7AAE9FFB-BBA9-430F-ACDD-E972917C66A0}.Release|Any CPU.Build.0 = Release|Any CPU
		{7AAE9FFB-BBA9-430F-ACDD-E972917C66A0}.Release|Any CPU.Deploy.0 = Release|Any CPU
		{7AAE9FFB-BBA9-430F-ACDD-E972917C66A0}.Release|ARM.ActiveCfg = Release|Any CPU
		{7AAE9FFB-BBA9-430F-ACDD-E972917C66A0}.Release|ARM.Build.0 = Release|Any CPU
		{7AAE9FFB-BBA9-430F-ACDD-E972917C66A0}.Release|ARM.Deploy.0 = Release|Any CPU
		{7AAE9FFB-BBA9-430F-ACDD-E972917C66A0}.Release|iPhone.ActiveCfg = Release|Any CPU
		{7AAE9FFB-BBA9-430F-ACDD-E972917C66A0}.Release|iPhone.Build.0 = Release|Any CPU
		{7AAE9FFB-BBA9-430F-ACDD-E972917C66A0}.Release|iPhone.Deploy.0 = Release|Any CPU
		{7AAE9FFB-BBA9-430F-ACDD-E972917C66A0}.Release|iPhoneSimulator.ActiveCfg = Release|Any CPU
		{7AAE9FFB-BBA9-430F-ACDD-E972917C66A0}.Release|iPhoneSimulator.Build.0 = Release|Any CPU
		{7AAE9FFB-BBA9-430F-ACDD-E972917C66A0}.Release|iPhoneSimulator.Deploy.0 = Release|Any CPU
		{7AAE9FFB-BBA9-430F-ACDD-E972917C66A0}.Release|x64.ActiveCfg = Release|Any CPU
		{7AAE9FFB-BBA9-430F-ACDD-E972917C66A0}.Release|x64.Build.0 = Release|Any CPU
		{7AAE9FFB-BBA9-430F-ACDD-E972917C66A0}.Release|x64.Deploy.0 = Release|Any CPU
		{7AAE9FFB-BBA9-430F-ACDD-E972917C66A0}.Release|x86.ActiveCfg = Release|Any CPU
		{7AAE9FFB-BBA9-430F-ACDD-E972917C66A0}.Release|x86.Build.0 = Release|Any CPU
		{7AAE9FFB-BBA9-430F-ACDD-E972917C66A0}.Release|x86.Deploy.0 = Release|Any CPU
		{585D5452-A0B3-4E6D-8B66-9D4DB7635017}.Ad-Hoc|Any CPU.ActiveCfg = Ad-Hoc|iPhone
		{585D5452-A0B3-4E6D-8B66-9D4DB7635017}.Ad-Hoc|ARM.ActiveCfg = Ad-Hoc|iPhone
		{585D5452-A0B3-4E6D-8B66-9D4DB7635017}.Ad-Hoc|iPhone.ActiveCfg = Ad-Hoc|iPhone
		{585D5452-A0B3-4E6D-8B66-9D4DB7635017}.Ad-Hoc|iPhone.Build.0 = Ad-Hoc|iPhone
		{585D5452-A0B3-4E6D-8B66-9D4DB7635017}.Ad-Hoc|iPhoneSimulator.ActiveCfg = Ad-Hoc|iPhoneSimulator
		{585D5452-A0B3-4E6D-8B66-9D4DB7635017}.Ad-Hoc|iPhoneSimulator.Build.0 = Ad-Hoc|iPhoneSimulator
		{585D5452-A0B3-4E6D-8B66-9D4DB7635017}.Ad-Hoc|x64.ActiveCfg = Ad-Hoc|iPhone
		{585D5452-A0B3-4E6D-8B66-9D4DB7635017}.Ad-Hoc|x86.ActiveCfg = Ad-Hoc|iPhone
		{585D5452-A0B3-4E6D-8B66-9D4DB7635017}.AppStore|Any CPU.ActiveCfg = AppStore|iPhone
		{585D5452-A0B3-4E6D-8B66-9D4DB7635017}.AppStore|ARM.ActiveCfg = AppStore|iPhone
		{585D5452-A0B3-4E6D-8B66-9D4DB7635017}.AppStore|iPhone.ActiveCfg = AppStore|iPhone
		{585D5452-A0B3-4E6D-8B66-9D4DB7635017}.AppStore|iPhone.Build.0 = AppStore|iPhone
		{585D5452-A0B3-4E6D-8B66-9D4DB7635017}.AppStore|iPhoneSimulator.ActiveCfg = AppStore|iPhoneSimulator
		{585D5452-A0B3-4E6D-8B66-9D4DB7635017}.AppStore|iPhoneSimulator.Build.0 = AppStore|iPhoneSimulator
		{585D5452-A0B3-4E6D-8B66-9D4DB7635017}.AppStore|x64.ActiveCfg = AppStore|iPhone
		{585D5452-A0B3-4E6D-8B66-9D4DB7635017}.AppStore|x86.ActiveCfg = AppStore|iPhone
		{585D5452-A0B3-4E6D-8B66-9D4DB7635017}.Debug|Any CPU.ActiveCfg = Debug|iPhone
		{585D5452-A0B3-4E6D-8B66-9D4DB7635017}.Debug|ARM.ActiveCfg = Debug|iPhone
		{585D5452-A0B3-4E6D-8B66-9D4DB7635017}.Debug|iPhone.ActiveCfg = Debug|iPhone
		{585D5452-A0B3-4E6D-8B66-9D4DB7635017}.Debug|iPhone.Build.0 = Debug|iPhone
		{585D5452-A0B3-4E6D-8B66-9D4DB7635017}.Debug|iPhoneSimulator.ActiveCfg = Debug|iPhoneSimulator
		{585D5452-A0B3-4E6D-8B66-9D4DB7635017}.Debug|iPhoneSimulator.Build.0 = Debug|iPhoneSimulator
		{585D5452-A0B3-4E6D-8B66-9D4DB7635017}.Debug|x64.ActiveCfg = Debug|iPhone
		{585D5452-A0B3-4E6D-8B66-9D4DB7635017}.Debug|x86.ActiveCfg = Debug|iPhone
		{585D5452-A0B3-4E6D-8B66-9D4DB7635017}.Release|Any CPU.ActiveCfg = Release|iPhone
		{585D5452-A0B3-4E6D-8B66-9D4DB7635017}.Release|ARM.ActiveCfg = Release|iPhone
		{585D5452-A0B3-4E6D-8B66-9D4DB7635017}.Release|iPhone.ActiveCfg = Release|iPhone
		{585D5452-A0B3-4E6D-8B66-9D4DB7635017}.Release|iPhone.Build.0 = Release|iPhone
		{585D5452-A0B3-4E6D-8B66-9D4DB7635017}.Release|iPhoneSimulator.ActiveCfg = Release|iPhoneSimulator
		{585D5452-A0B3-4E6D-8B66-9D4DB7635017}.Release|iPhoneSimulator.Build.0 = Release|iPhoneSimulator
		{585D5452-A0B3-4E6D-8B66-9D4DB7635017}.Release|x64.ActiveCfg = Release|iPhone
		{585D5452-A0B3-4E6D-8B66-9D4DB7635017}.Release|x86.ActiveCfg = Release|iPhone
		{C20EE890-B383-4635-B4EF-C2679FC0E3C5}.Ad-Hoc|Any CPU.ActiveCfg = Release|x64
		{C20EE890-B383-4635-B4EF-C2679FC0E3C5}.Ad-Hoc|Any CPU.Build.0 = Release|x64
		{C20EE890-B383-4635-B4EF-C2679FC0E3C5}.Ad-Hoc|Any CPU.Deploy.0 = Release|x64
		{C20EE890-B383-4635-B4EF-C2679FC0E3C5}.Ad-Hoc|ARM.ActiveCfg = Release|ARM
		{C20EE890-B383-4635-B4EF-C2679FC0E3C5}.Ad-Hoc|ARM.Build.0 = Release|ARM
		{C20EE890-B383-4635-B4EF-C2679FC0E3C5}.Ad-Hoc|ARM.Deploy.0 = Release|ARM
		{C20EE890-B383-4635-B4EF-C2679FC0E3C5}.Ad-Hoc|iPhone.ActiveCfg = Release|x64
		{C20EE890-B383-4635-B4EF-C2679FC0E3C5}.Ad-Hoc|iPhone.Build.0 = Release|x64
		{C20EE890-B383-4635-B4EF-C2679FC0E3C5}.Ad-Hoc|iPhone.Deploy.0 = Release|x64
		{C20EE890-B383-4635-B4EF-C2679FC0E3C5}.Ad-Hoc|iPhoneSimulator.ActiveCfg = Release|x64
		{C20EE890-B383-4635-B4EF-C2679FC0E3C5}.Ad-Hoc|iPhoneSimulator.Build.0 = Release|x64
		{C20EE890-B383-4635-B4EF-C2679FC0E3C5}.Ad-Hoc|iPhoneSimulator.Deploy.0 = Release|x64
		{C20EE890-B383-4635-B4EF-C2679FC0E3C5}.Ad-Hoc|x64.ActiveCfg = Release|x64
		{C20EE890-B383-4635-B4EF-C2679FC0E3C5}.Ad-Hoc|x64.Build.0 = Release|x64
		{C20EE890-B383-4635-B4EF-C2679FC0E3C5}.Ad-Hoc|x64.Deploy.0 = Release|x64
		{C20EE890-B383-4635-B4EF-C2679FC0E3C5}.Ad-Hoc|x86.ActiveCfg = Release|x86
		{C20EE890-B383-4635-B4EF-C2679FC0E3C5}.Ad-Hoc|x86.Build.0 = Release|x86
		{C20EE890-B383-4635-B4EF-C2679FC0E3C5}.Ad-Hoc|x86.Deploy.0 = Release|x86
		{C20EE890-B383-4635-B4EF-C2679FC0E3C5}.AppStore|Any CPU.ActiveCfg = Release|x64
		{C20EE890-B383-4635-B4EF-C2679FC0E3C5}.AppStore|Any CPU.Build.0 = Release|x64
		{C20EE890-B383-4635-B4EF-C2679FC0E3C5}.AppStore|Any CPU.Deploy.0 = Release|x64
		{C20EE890-B383-4635-B4EF-C2679FC0E3C5}.AppStore|ARM.ActiveCfg = Release|ARM
		{C20EE890-B383-4635-B4EF-C2679FC0E3C5}.AppStore|ARM.Build.0 = Release|ARM
		{C20EE890-B383-4635-B4EF-C2679FC0E3C5}.AppStore|ARM.Deploy.0 = Release|ARM
		{C20EE890-B383-4635-B4EF-C2679FC0E3C5}.AppStore|iPhone.ActiveCfg = Release|x64
		{C20EE890-B383-4635-B4EF-C2679FC0E3C5}.AppStore|iPhone.Build.0 = Release|x64
		{C20EE890-B383-4635-B4EF-C2679FC0E3C5}.AppStore|iPhone.Deploy.0 = Release|x64
		{C20EE890-B383-4635-B4EF-C2679FC0E3C5}.AppStore|iPhoneSimulator.ActiveCfg = Release|x64
		{C20EE890-B383-4635-B4EF-C2679FC0E3C5}.AppStore|iPhoneSimulator.Build.0 = Release|x64
		{C20EE890-B383-4635-B4EF-C2679FC0E3C5}.AppStore|iPhoneSimulator.Deploy.0 = Release|x64
		{C20EE890-B383-4635-B4EF-C2679FC0E3C5}.AppStore|x64.ActiveCfg = Release|x64
		{C20EE890-B383-4635-B4EF-C2679FC0E3C5}.AppStore|x64.Build.0 = Release|x64
		{C20EE890-B383-4635-B4EF-C2679FC0E3C5}.AppStore|x64.Deploy.0 = Release|x64
		{C20EE890-B383-4635-B4EF-C2679FC0E3C5}.AppStore|x86.ActiveCfg = Release|x86
		{C20EE890-B383-4635-B4EF-C2679FC0E3C5}.AppStore|x86.Build.0 = Release|x86
		{C20EE890-B383-4635-B4EF-C2679FC0E3C5}.AppStore|x86.Deploy.0 = Release|x86
		{C20EE890-B383-4635-B4EF-C2679FC0E3C5}.Debug|Any CPU.ActiveCfg = Debug|x86
		{C20EE890-B383-4635-B4EF-C2679FC0E3C5}.Debug|ARM.ActiveCfg = Debug|ARM
		{C20EE890-B383-4635-B4EF-C2679FC0E3C5}.Debug|ARM.Build.0 = Debug|ARM
		{C20EE890-B383-4635-B4EF-C2679FC0E3C5}.Debug|ARM.Deploy.0 = Debug|ARM
		{C20EE890-B383-4635-B4EF-C2679FC0E3C5}.Debug|iPhone.ActiveCfg = Debug|x86
		{C20EE890-B383-4635-B4EF-C2679FC0E3C5}.Debug|iPhoneSimulator.ActiveCfg = Debug|x86
		{C20EE890-B383-4635-B4EF-C2679FC0E3C5}.Debug|x64.ActiveCfg = Debug|x64
		{C20EE890-B383-4635-B4EF-C2679FC0E3C5}.Debug|x64.Build.0 = Debug|x64
		{C20EE890-B383-4635-B4EF-C2679FC0E3C5}.Debug|x64.Deploy.0 = Debug|x64
		{C20EE890-B383-4635-B4EF-C2679FC0E3C5}.Debug|x86.ActiveCfg = Debug|x86
		{C20EE890-B383-4635-B4EF-C2679FC0E3C5}.Debug|x86.Build.0 = Debug|x86
		{C20EE890-B383-4635-B4EF-C2679FC0E3C5}.Debug|x86.Deploy.0 = Debug|x86
		{C20EE890-B383-4635-B4EF-C2679FC0E3C5}.Release|Any CPU.ActiveCfg = Release|x86
		{C20EE890-B383-4635-B4EF-C2679FC0E3C5}.Release|ARM.ActiveCfg = Release|ARM
		{C20EE890-B383-4635-B4EF-C2679FC0E3C5}.Release|ARM.Build.0 = Release|ARM
		{C20EE890-B383-4635-B4EF-C2679FC0E3C5}.Release|ARM.Deploy.0 = Release|ARM
		{C20EE890-B383-4635-B4EF-C2679FC0E3C5}.Release|iPhone.ActiveCfg = Release|x86
		{C20EE890-B383-4635-B4EF-C2679FC0E3C5}.Release|iPhoneSimulator.ActiveCfg = Release|x86
		{C20EE890-B383-4635-B4EF-C2679FC0E3C5}.Release|x64.ActiveCfg = Release|x64
		{C20EE890-B383-4635-B4EF-C2679FC0E3C5}.Release|x64.Build.0 = Release|x64
		{C20EE890-B383-4635-B4EF-C2679FC0E3C5}.Release|x64.Deploy.0 = Release|x64
		{C20EE890-B383-4635-B4EF-C2679FC0E3C5}.Release|x86.ActiveCfg = Release|x86
		{C20EE890-B383-4635-B4EF-C2679FC0E3C5}.Release|x86.Build.0 = Release|x86
		{C20EE890-B383-4635-B4EF-C2679FC0E3C5}.Release|x86.Deploy.0 = Release|x86
		{8625469F-B069-4745-AF05-D975A377026C}.Ad-Hoc|Any CPU.ActiveCfg = Debug|Any CPU
		{8625469F-B069-4745-AF05-D975A377026C}.Ad-Hoc|Any CPU.Build.0 = Debug|Any CPU
		{8625469F-B069-4745-AF05-D975A377026C}.Ad-Hoc|ARM.ActiveCfg = Debug|Any CPU
		{8625469F-B069-4745-AF05-D975A377026C}.Ad-Hoc|ARM.Build.0 = Debug|Any CPU
		{8625469F-B069-4745-AF05-D975A377026C}.Ad-Hoc|iPhone.ActiveCfg = Debug|Any CPU
		{8625469F-B069-4745-AF05-D975A377026C}.Ad-Hoc|iPhone.Build.0 = Debug|Any CPU
		{8625469F-B069-4745-AF05-D975A377026C}.Ad-Hoc|iPhoneSimulator.ActiveCfg = Debug|Any CPU
		{8625469F-B069-4745-AF05-D975A377026C}.Ad-Hoc|iPhoneSimulator.Build.0 = Debug|Any CPU
		{8625469F-B069-4745-AF05-D975A377026C}.Ad-Hoc|x64.ActiveCfg = Debug|Any CPU
		{8625469F-B069-4745-AF05-D975A377026C}.Ad-Hoc|x64.Build.0 = Debug|Any CPU
		{8625469F-B069-4745-AF05-D975A377026C}.Ad-Hoc|x86.ActiveCfg = Debug|Any CPU
		{8625469F-B069-4745-AF05-D975A377026C}.Ad-Hoc|x86.Build.0 = Debug|Any CPU
		{8625469F-B069-4745-AF05-D975A377026C}.AppStore|Any CPU.ActiveCfg = Debug|Any CPU
		{8625469F-B069-4745-AF05-D975A377026C}.AppStore|Any CPU.Build.0 = Debug|Any CPU
		{8625469F-B069-4745-AF05-D975A377026C}.AppStore|ARM.ActiveCfg = Debug|Any CPU
		{8625469F-B069-4745-AF05-D975A377026C}.AppStore|ARM.Build.0 = Debug|Any CPU
		{8625469F-B069-4745-AF05-D975A377026C}.AppStore|iPhone.ActiveCfg = Debug|Any CPU
		{8625469F-B069-4745-AF05-D975A377026C}.AppStore|iPhone.Build.0 = Debug|Any CPU
		{8625469F-B069-4745-AF05-D975A377026C}.AppStore|iPhoneSimulator.ActiveCfg = Debug|Any CPU
		{8625469F-B069-4745-AF05-D975A377026C}.AppStore|iPhoneSimulator.Build.0 = Debug|Any CPU
		{8625469F-B069-4745-AF05-D975A377026C}.AppStore|x64.ActiveCfg = Debug|Any CPU
		{8625469F-B069-4745-AF05-D975A377026C}.AppStore|x64.Build.0 = Debug|Any CPU
		{8625469F-B069-4745-AF05-D975A377026C}.AppStore|x86.ActiveCfg = Debug|Any CPU
		{8625469F-B069-4745-AF05-D975A377026C}.AppStore|x86.Build.0 = Debug|Any CPU
		{8625469F-B069-4745-AF05-D975A377026C}.Debug|Any CPU.ActiveCfg = Debug|Any CPU
		{8625469F-B069-4745-AF05-D975A377026C}.Debug|Any CPU.Build.0 = Debug|Any CPU
		{8625469F-B069-4745-AF05-D975A377026C}.Debug|ARM.ActiveCfg = Debug|Any CPU
		{8625469F-B069-4745-AF05-D975A377026C}.Debug|ARM.Build.0 = Debug|Any CPU
		{8625469F-B069-4745-AF05-D975A377026C}.Debug|iPhone.ActiveCfg = Debug|Any CPU
		{8625469F-B069-4745-AF05-D975A377026C}.Debug|iPhone.Build.0 = Debug|Any CPU
		{8625469F-B069-4745-AF05-D975A377026C}.Debug|iPhoneSimulator.ActiveCfg = Debug|Any CPU
		{8625469F-B069-4745-AF05-D975A377026C}.Debug|iPhoneSimulator.Build.0 = Debug|Any CPU
		{8625469F-B069-4745-AF05-D975A377026C}.Debug|x64.ActiveCfg = Debug|Any CPU
		{8625469F-B069-4745-AF05-D975A377026C}.Debug|x64.Build.0 = Debug|Any CPU
		{8625469F-B069-4745-AF05-D975A377026C}.Debug|x86.ActiveCfg = Debug|Any CPU
		{8625469F-B069-4745-AF05-D975A377026C}.Debug|x86.Build.0 = Debug|Any CPU
		{8625469F-B069-4745-AF05-D975A377026C}.Release|Any CPU.ActiveCfg = Release|Any CPU
		{8625469F-B069-4745-AF05-D975A377026C}.Release|Any CPU.Build.0 = Release|Any CPU
		{8625469F-B069-4745-AF05-D975A377026C}.Release|ARM.ActiveCfg = Release|Any CPU
		{8625469F-B069-4745-AF05-D975A377026C}.Release|ARM.Build.0 = Release|Any CPU
		{8625469F-B069-4745-AF05-D975A377026C}.Release|iPhone.ActiveCfg = Release|Any CPU
		{8625469F-B069-4745-AF05-D975A377026C}.Release|iPhone.Build.0 = Release|Any CPU
		{8625469F-B069-4745-AF05-D975A377026C}.Release|iPhoneSimulator.ActiveCfg = Release|Any CPU
		{8625469F-B069-4745-AF05-D975A377026C}.Release|iPhoneSimulator.Build.0 = Release|Any CPU
		{8625469F-B069-4745-AF05-D975A377026C}.Release|x64.ActiveCfg = Release|Any CPU
		{8625469F-B069-4745-AF05-D975A377026C}.Release|x64.Build.0 = Release|Any CPU
		{8625469F-B069-4745-AF05-D975A377026C}.Release|x86.ActiveCfg = Release|Any CPU
		{8625469F-B069-4745-AF05-D975A377026C}.Release|x86.Build.0 = Release|Any CPU
	EndGlobalSection
	GlobalSection(SolutionProperties) = preSolution
		HideSolutionNode = FALSE
	EndGlobalSection
	GlobalSection(ExtensibilityGlobals) = postSolution
		SolutionGuid = {7C95274B-5EFF-4B94-99D6-176CDE13B2E8}
	EndGlobalSection
EndGlobal
